# THIS IS AN AUTOGENERATED FILE. DO NOT EDIT THIS FILE DIRECTLY.
# yarn lockfile v1


"@playwright/test@1.31.1":
  version "1.31.1"
  resolved "https://registry.yarnpkg.com/@playwright/test/-/test-1.31.1.tgz#39d6873dc46af135f12451d79707db7d1357455d"
  integrity sha512-IsytVZ+0QLDh1Hj83XatGp/GsI1CDJWbyDaBGbainsh0p2zC7F4toUocqowmjS6sQff2NGT3D9WbDj/3K2CJiA==
  dependencies:
    "@types/node" "*"
    playwright-core "1.31.1"
  optionalDependencies:
    fsevents "2.3.2"

"@types/node@*":
  version "18.11.5"
  resolved "https://registry.yarnpkg.com/@types/node/-/node-18.11.5.tgz#1bc94cf2f9ab5fe33353bc7c79c797dcc5325bef"
  integrity sha512-3JRwhbjI+cHLAkUorhf8RnqUbFXajvzX4q6fMn5JwkgtuwfYtRQYI3u4V92vI6NJuTsbBQWWh3RZjFsuevyMGQ==

fsevents@2.3.2:
  version "2.3.2"
  resolved "https://registry.yarnpkg.com/fsevents/-/fsevents-2.3.2.tgz#8a526f78b8fdf4623b709e0b975c52c24c02fd1a"
  integrity sha512-xiqMQR4xAeHTuB9uWm+fFRcIOgKBMiOBP+eXiyT7jsgVCq1bkVygt00oASowB7EdtpOHaaPgKt812P9ab+DDKA==

playwright-core@1.31.1:
  version "1.31.1"
  resolved "https://registry.yarnpkg.com/playwright-core/-/playwright-core-1.31.1.tgz#4deeebbb8fb73b512593fe24bea206d8fd85ff7f"
  integrity sha512-JTyX4kV3/LXsvpHkLzL2I36aCdml4zeE35x+G5aPc4bkLsiRiQshU5lWeVpHFAuC8xAcbI6FDcw/8z3q2xtJSQ==
