# THIS IS AN AUTOGENERATED FILE. DO NOT EDIT THIS FILE DIRECTLY.
# yarn lockfile v1


"@playwright/test@1.32.2":
  version "1.32.2"
  resolved "https://registry.yarnpkg.com/@playwright/test/-/test-1.32.2.tgz#3cbd76b3f94d0f7f50bf054dbd02e504e85e3865"
  integrity sha512-nhaTSDpEdTTttdkDE8Z6K3icuG1DVRxrl98Qq0Lfc63SS9a2sjc9+x8ezysh7MzCKz6Y+nArml3/mmt+gqRmQQ==
  dependencies:
    "@types/node" "*"
    playwright-core "1.32.2"
  optionalDependencies:
    fsevents "2.3.2"

"@types/node@*":
  version "18.15.2"
  resolved "https://registry.yarnpkg.com/@types/node/-/node-18.15.2.tgz#0407ceb15647f186318101546d5ae40725b73810"
  integrity sha512-sDPHm2wfx2QhrMDK0pOt2J4KLJMAcerqWNvnED0itPRJWvI+bK+uNHzcH1dFsBlf7G3u8tqXmRF3wkvL9yUwMw==

fsevents@2.3.2:
  version "2.3.2"
  resolved "https://registry.yarnpkg.com/fsevents/-/fsevents-2.3.2.tgz#8a526f78b8fdf4623b709e0b975c52c24c02fd1a"
  integrity sha512-xiqMQR4xAeHTuB9uWm+fFRcIOgKBMiOBP+eXiyT7jsgVCq1bkVygt00oASowB7EdtpOHaaPgKt812P9ab+DDKA==

playwright-core@1.32.2:
  version "1.32.2"
  resolved "https://registry.yarnpkg.com/playwright-core/-/playwright-core-1.32.2.tgz#608810c3c4486fb86a224732ac0d3560a96ded8b"
  integrity sha512-zD7aonO+07kOTthsrCR3YCVnDcqSHIJpdFUtZEMOb6//1Rc7/6mZDRdw+nlzcQiQltOOsiqI3rrSyn/SlyjnJQ==
